// !$*UTF8*$!
{
	archiveVersion = 1;
	classes = {
	};
	objectVersion = 48;
	objects = {

/* Begin PBXBuildFile section */
		07CEB731A6B00DDA086D7C73 /* libPods-WGRichTextEditor.a in Frameworks */ = {isa = PBXBuildFile; fileRef = 77B82BA94CA375F0812C830B /* libPods-WGRichTextEditor.a */; };
		CB338428236D15CF0052DACB /* icon_refresh.png in Resources */ = {isa = PBXBuildFile; fileRef = CB338427236D15CF0052DACB /* icon_refresh.png */; };
		CB4C70D9205FAFE40046A62A /* AppDelegate.m in Sources */ = {isa = PBXBuildFile; fileRef = CB4C70D8205FAFE40046A62A /* AppDelegate.m */; };
		CB4C70DC205FAFE40046A62A /* ViewController.m in Sources */ = {isa = PBXBuildFile; fileRef = CB4C70DB205FAFE40046A62A /* ViewController.m */; };
		CB4C70DF205FAFE40046A62A /* Main.storyboard in Resources */ = {isa = PBXBuildFile; fileRef = CB4C70DD205FAFE40046A62A /* Main.storyboard */; };
		CB4C70E1205FAFE40046A62A /* Assets.xcassets in Resources */ = {isa = PBXBuildFile; fileRef = CB4C70E0205FAFE40046A62A /* Assets.xcassets */; };
		CB4C70E4205FAFE40046A62A /* LaunchScreen.storyboard in Resources */ = {isa = PBXBuildFile; fileRef = CB4C70E2205FAFE40046A62A /* LaunchScreen.storyboard */; };
		CB4C70E7205FAFE40046A62A /* main.m in Sources */ = {isa = PBXBuildFile; fileRef = CB4C70E6205FAFE40046A62A /* main.m */; };
		CB4C70F1205FAFE40046A62A /* WGRichTextEditorTests.m in Sources */ = {isa = PBXBuildFile; fileRef = CB4C70F0205FAFE40046A62A /* WGRichTextEditorTests.m */; };
		CB4C70FC205FAFE40046A62A /* WGRichTextEditorUITests.m in Sources */ = {isa = PBXBuildFile; fileRef = CB4C70FB205FAFE40046A62A /* WGRichTextEditorUITests.m */; };
		CBD80FF5236C0C4700800F55 /* WGEditorToolBar.m in Sources */ = {isa = PBXBuildFile; fileRef = CBD80FF3236C0C4700800F55 /* WGEditorToolBar.m */; };
		CBD80FFB236C116E00800F55 /* WGBaseRichEditorViewController.m in Sources */ = {isa = PBXBuildFile; fileRef = CBD80FFA236C116E00800F55 /* WGBaseRichEditorViewController.m */; };
		CBD80FFE236C120800800F55 /* WGAudioRichEditorViewController.m in Sources */ = {isa = PBXBuildFile; fileRef = CBD80FFD236C120800800F55 /* WGAudioRichEditorViewController.m */; };
		CBD81001236C126300800F55 /* WGVideoRichEditorViewController.m in Sources */ = {isa = PBXBuildFile; fileRef = CBD81000236C126300800F55 /* WGVideoRichEditorViewController.m */; };
		CBD81004236C12A800800F55 /* WGAVRichEditorViewController.m in Sources */ = {isa = PBXBuildFile; fileRef = CBD81003236C12A800800F55 /* WGAVRichEditorViewController.m */; };
		CBD81007236C1F3100800F55 /* WKWebView+WGWKWebViewExtension.m in Sources */ = {isa = PBXBuildFile; fileRef = CBD81006236C1F3100800F55 /* WKWebView+WGWKWebViewExtension.m */; };
		CBD8100C236C20E600800F55 /* RichEditor.html in Resources */ = {isa = PBXBuildFile; fileRef = CBD8100B236C20E600800F55 /* RichEditor.html */; };
		CBD8100E236C244A00800F55 /* normalize.css in Resources */ = {isa = PBXBuildFile; fileRef = CBD8100D236C244A00800F55 /* normalize.css */; };
		CBD81010236C245800800F55 /* style.css in Resources */ = {isa = PBXBuildFile; fileRef = CBD8100F236C245800800F55 /* style.css */; };
		CBD81012236C249C00800F55 /* jquery.js in Resources */ = {isa = PBXBuildFile; fileRef = CBD81011236C249B00800F55 /* jquery.js */; };
		CBD81014236C24A900800F55 /* article_editor.js in Resources */ = {isa = PBXBuildFile; fileRef = CBD81013236C24A900800F55 /* article_editor.js */; };
		CBD81017236C2DFC00800F55 /* WGFontStyleBar.m in Sources */ = {isa = PBXBuildFile; fileRef = CBD81016236C2DFC00800F55 /* WGFontStyleBar.m */; };
		CBD8101A236C2E6200800F55 /* UIControl+WGButtonExtension.m in Sources */ = {isa = PBXBuildFile; fileRef = CBD81018236C2E6100800F55 /* UIControl+WGButtonExtension.m */; };
		CBD81020236C330500800F55 /* UIView+Utility.m in Sources */ = {isa = PBXBuildFile; fileRef = CBD8101F236C330500800F55 /* UIView+Utility.m */; };
		CBD81023236C9DBB00800F55 /* CustomIOSAlertView.m in Sources */ = {isa = PBXBuildFile; fileRef = CBD81022236C9DBB00800F55 /* CustomIOSAlertView.m */; };
		CBD81027236C9F8000800F55 /* WGInputAlertView.xib in Resources */ = {isa = PBXBuildFile; fileRef = CBD81024236C9F8000800F55 /* WGInputAlertView.xib */; };
		CBD81028236C9F8000800F55 /* WGInputAlertView.m in Sources */ = {isa = PBXBuildFile; fileRef = CBD81026236C9F8000800F55 /* WGInputAlertView.m */; };
		CBD8102F236CA79900800F55 /* WGUploadFileModel.m in Sources */ = {isa = PBXBuildFile; fileRef = CBD8102D236CA79900800F55 /* WGUploadFileModel.m */; };
		CBD81032236CA7B000800F55 /* WGUploadFileTool.m in Sources */ = {isa = PBXBuildFile; fileRef = CBD81031236CA7B000800F55 /* WGUploadFileTool.m */; };
		CBE192B22080BAA100215299 /* main.m in Sources */ = {isa = PBXBuildFile; fileRef = CB4C70E6205FAFE40046A62A /* main.m */; };
		CBEFE451236D23C0008FFC20 /* ResultViewController.m in Sources */ = {isa = PBXBuildFile; fileRef = CBEFE450236D23C0008FFC20 /* ResultViewController.m */; };
/* End PBXBuildFile section */

/* Begin PBXContainerItemProxy section */
		CB4C70ED205FAFE40046A62A /* PBXContainerItemProxy */ = {
			isa = PBXContainerItemProxy;
			containerPortal = CB4C70CC205FAFE40046A62A /* Project object */;
			proxyType = 1;
			remoteGlobalIDString = CB4C70D3205FAFE40046A62A;
			remoteInfo = WGRichTextEditor;
		};
		CB4C70F8205FAFE40046A62A /* PBXContainerItemProxy */ = {
			isa = PBXContainerItemProxy;
			containerPortal = CB4C70CC205FAFE40046A62A /* Project object */;
			proxyType = 1;
			remoteGlobalIDString = CB4C70D3205FAFE40046A62A;
			remoteInfo = WGRichTextEditor;
		};
/* End PBXContainerItemProxy section */

/* Begin PBXFileReference section */
		648DB365964EDE718CBFD173 /* libPods-WGRichTextEditorTests.a */ = {isa = PBXFileReference; explicitFileType = archive.ar; includeInIndex = 0; path = "libPods-WGRichTextEditorTests.a"; sourceTree = BUILT_PRODUCTS_DIR; };
		77B82BA94CA375F0812C830B /* libPods-WGRichTextEditor.a */ = {isa = PBXFileReference; explicitFileType = archive.ar; includeInIndex = 0; path = "libPods-WGRichTextEditor.a"; sourceTree = BUILT_PRODUCTS_DIR; };
		8417D91077E495589D94C55D /* Pods-WGRichTextEditor.debug.xcconfig */ = {isa = PBXFileReference; includeInIndex = 1; lastKnownFileType = text.xcconfig; name = "Pods-WGRichTextEditor.debug.xcconfig"; path = "Target Support Files/Pods-WGRichTextEditor/Pods-WGRichTextEditor.debug.xcconfig"; sourceTree = "<group>"; };
		BF8BA5D6235F414A86499EAA /* Pods-WGRichTextEditor.release.xcconfig */ = {isa = PBXFileReference; includeInIndex = 1; lastKnownFileType = text.xcconfig; name = "Pods-WGRichTextEditor.release.xcconfig"; path = "Target Support Files/Pods-WGRichTextEditor/Pods-WGRichTextEditor.release.xcconfig"; sourceTree = "<group>"; };
		C661BE64C5E551A463C512BB /* libPods-WGRichTextEditorUITests.a */ = {isa = PBXFileReference; explicitFileType = archive.ar; includeInIndex = 0; path = "libPods-WGRichTextEditorUITests.a"; sourceTree = BUILT_PRODUCTS_DIR; };
		CB338427236D15CF0052DACB /* icon_refresh.png */ = {isa = PBXFileReference; lastKnownFileType = image.png; path = icon_refresh.png; sourceTree = "<group>"; };
		CB4C70D4205FAFE40046A62A /* WGRichTextEditor.app */ = {isa = PBXFileReference; explicitFileType = wrapper.application; includeInIndex = 0; path = WGRichTextEditor.app; sourceTree = BUILT_PRODUCTS_DIR; };
		CB4C70D7205FAFE40046A62A /* AppDelegate.h */ = {isa = PBXFileReference; lastKnownFileType = sourcecode.c.h; path = AppDelegate.h; sourceTree = "<group>"; };
		CB4C70D8205FAFE40046A62A /* AppDelegate.m */ = {isa = PBXFileReference; lastKnownFileType = sourcecode.c.objc; path = AppDelegate.m; sourceTree = "<group>"; };
		CB4C70DA205FAFE40046A62A /* ViewController.h */ = {isa = PBXFileReference; lastKnownFileType = sourcecode.c.h; path = ViewController.h; sourceTree = "<group>"; };
		CB4C70DB205FAFE40046A62A /* ViewController.m */ = {isa = PBXFileReference; lastKnownFileType = sourcecode.c.objc; path = ViewController.m; sourceTree = "<group>"; };
		CB4C70DE205FAFE40046A62A /* Base */ = {isa = PBXFileReference; lastKnownFileType = file.storyboard; name = Base; path = Base.lproj/Main.storyboard; sourceTree = "<group>"; };
		CB4C70E0205FAFE40046A62A /* Assets.xcassets */ = {isa = PBXFileReference; lastKnownFileType = folder.assetcatalog; path = Assets.xcassets; sourceTree = "<group>"; };
		CB4C70E3205FAFE40046A62A /* Base */ = {isa = PBXFileReference; lastKnownFileType = file.storyboard; name = Base; path = Base.lproj/LaunchScreen.storyboard; sourceTree = "<group>"; };
		CB4C70E5205FAFE40046A62A /* Info.plist */ = {isa = PBXFileReference; lastKnownFileType = text.plist.xml; path = Info.plist; sourceTree = "<group>"; };
		CB4C70E6205FAFE40046A62A /* main.m */ = {isa = PBXFileReference; lastKnownFileType = sourcecode.c.objc; path = main.m; sourceTree = "<group>"; };
		CB4C70EC205FAFE40046A62A /* WGRichTextEditorTests.xctest */ = {isa = PBXFileReference; explicitFileType = wrapper.cfbundle; includeInIndex = 0; path = WGRichTextEditorTests.xctest; sourceTree = BUILT_PRODUCTS_DIR; };
		CB4C70F0205FAFE40046A62A /* WGRichTextEditorTests.m */ = {isa = PBXFileReference; lastKnownFileType = sourcecode.c.objc; path = WGRichTextEditorTests.m; sourceTree = "<group>"; };
		CB4C70F2205FAFE40046A62A /* Info.plist */ = {isa = PBXFileReference; lastKnownFileType = text.plist.xml; path = Info.plist; sourceTree = "<group>"; };
		CB4C70F7205FAFE40046A62A /* WGRichTextEditorUITests.xctest */ = {isa = PBXFileReference; explicitFileType = wrapper.cfbundle; includeInIndex = 0; path = WGRichTextEditorUITests.xctest; sourceTree = BUILT_PRODUCTS_DIR; };
		CB4C70FB205FAFE40046A62A /* WGRichTextEditorUITests.m */ = {isa = PBXFileReference; lastKnownFileType = sourcecode.c.objc; path = WGRichTextEditorUITests.m; sourceTree = "<group>"; };
		CB4C70FD205FAFE40046A62A /* Info.plist */ = {isa = PBXFileReference; lastKnownFileType = text.plist.xml; path = Info.plist; sourceTree = "<group>"; };
		CBA2B9882326532F009E7C9E /* PrefixHeader.pch */ = {isa = PBXFileReference; lastKnownFileType = sourcecode.c.h; path = PrefixHeader.pch; sourceTree = "<group>"; };
		CBD80FF2236C0BA700800F55 /* RichEditor.h */ = {isa = PBXFileReference; lastKnownFileType = sourcecode.c.h; path = RichEditor.h; sourceTree = "<group>"; };
		CBD80FF3236C0C4700800F55 /* WGEditorToolBar.m */ = {isa = PBXFileReference; fileEncoding = 4; lastKnownFileType = sourcecode.c.objc; path = WGEditorToolBar.m; sourceTree = "<group>"; };
		CBD80FF4236C0C4700800F55 /* WGEditorToolBar.h */ = {isa = PBXFileReference; fileEncoding = 4; lastKnownFileType = sourcecode.c.h; path = WGEditorToolBar.h; sourceTree = "<group>"; };
		CBD80FF9236C116E00800F55 /* WGBaseRichEditorViewController.h */ = {isa = PBXFileReference; lastKnownFileType = sourcecode.c.h; path = WGBaseRichEditorViewController.h; sourceTree = "<group>"; };
		CBD80FFA236C116E00800F55 /* WGBaseRichEditorViewController.m */ = {isa = PBXFileReference; lastKnownFileType = sourcecode.c.objc; path = WGBaseRichEditorViewController.m; sourceTree = "<group>"; };
		CBD80FFC236C120700800F55 /* WGAudioRichEditorViewController.h */ = {isa = PBXFileReference; lastKnownFileType = sourcecode.c.h; path = WGAudioRichEditorViewController.h; sourceTree = "<group>"; };
		CBD80FFD236C120800800F55 /* WGAudioRichEditorViewController.m */ = {isa = PBXFileReference; lastKnownFileType = sourcecode.c.objc; path = WGAudioRichEditorViewController.m; sourceTree = "<group>"; };
		CBD80FFF236C126300800F55 /* WGVideoRichEditorViewController.h */ = {isa = PBXFileReference; lastKnownFileType = sourcecode.c.h; path = WGVideoRichEditorViewController.h; sourceTree = "<group>"; };
		CBD81000236C126300800F55 /* WGVideoRichEditorViewController.m */ = {isa = PBXFileReference; lastKnownFileType = sourcecode.c.objc; path = WGVideoRichEditorViewController.m; sourceTree = "<group>"; };
		CBD81002236C12A800800F55 /* WGAVRichEditorViewController.h */ = {isa = PBXFileReference; lastKnownFileType = sourcecode.c.h; path = WGAVRichEditorViewController.h; sourceTree = "<group>"; };
		CBD81003236C12A800800F55 /* WGAVRichEditorViewController.m */ = {isa = PBXFileReference; lastKnownFileType = sourcecode.c.objc; path = WGAVRichEditorViewController.m; sourceTree = "<group>"; };
		CBD81005236C1F3100800F55 /* WKWebView+WGWKWebViewExtension.h */ = {isa = PBXFileReference; lastKnownFileType = sourcecode.c.h; path = "WKWebView+WGWKWebViewExtension.h"; sourceTree = "<group>"; };
		CBD81006236C1F3100800F55 /* WKWebView+WGWKWebViewExtension.m */ = {isa = PBXFileReference; lastKnownFileType = sourcecode.c.objc; path = "WKWebView+WGWKWebViewExtension.m"; sourceTree = "<group>"; };
		CBD8100B236C20E600800F55 /* RichEditor.html */ = {isa = PBXFileReference; fileEncoding = 4; lastKnownFileType = text.html; path = RichEditor.html; sourceTree = "<group>"; };
		CBD8100D236C244A00800F55 /* normalize.css */ = {isa = PBXFileReference; fileEncoding = 4; lastKnownFileType = text.css; path = normalize.css; sourceTree = "<group>"; };
		CBD8100F236C245800800F55 /* style.css */ = {isa = PBXFileReference; fileEncoding = 4; lastKnownFileType = text.css; path = style.css; sourceTree = "<group>"; };
		CBD81011236C249B00800F55 /* jquery.js */ = {isa = PBXFileReference; fileEncoding = 4; lastKnownFileType = sourcecode.javascript; path = jquery.js; sourceTree = "<group>"; };
		CBD81013236C24A900800F55 /* article_editor.js */ = {isa = PBXFileReference; fileEncoding = 4; lastKnownFileType = sourcecode.javascript; path = article_editor.js; sourceTree = "<group>"; };
		CBD81015236C2DFC00800F55 /* WGFontStyleBar.h */ = {isa = PBXFileReference; fileEncoding = 4; lastKnownFileType = sourcecode.c.h; path = WGFontStyleBar.h; sourceTree = "<group>"; };
		CBD81016236C2DFC00800F55 /* WGFontStyleBar.m */ = {isa = PBXFileReference; fileEncoding = 4; lastKnownFileType = sourcecode.c.objc; path = WGFontStyleBar.m; sourceTree = "<group>"; };
		CBD81018236C2E6100800F55 /* UIControl+WGButtonExtension.m */ = {isa = PBXFileReference; fileEncoding = 4; lastKnownFileType = sourcecode.c.objc; path = "UIControl+WGButtonExtension.m"; sourceTree = "<group>"; };
		CBD81019236C2E6100800F55 /* UIControl+WGButtonExtension.h */ = {isa = PBXFileReference; fileEncoding = 4; lastKnownFileType = sourcecode.c.h; path = "UIControl+WGButtonExtension.h"; sourceTree = "<group>"; };
		CBD8101E236C330400800F55 /* UIView+Utility.h */ = {isa = PBXFileReference; fileEncoding = 4; lastKnownFileType = sourcecode.c.h; path = "UIView+Utility.h"; sourceTree = "<group>"; };
		CBD8101F236C330500800F55 /* UIView+Utility.m */ = {isa = PBXFileReference; fileEncoding = 4; lastKnownFileType = sourcecode.c.objc; path = "UIView+Utility.m"; sourceTree = "<group>"; };
		CBD81021236C9DBB00800F55 /* CustomIOSAlertView.h */ = {isa = PBXFileReference; fileEncoding = 4; lastKnownFileType = sourcecode.c.h; path = CustomIOSAlertView.h; sourceTree = "<group>"; };
		CBD81022236C9DBB00800F55 /* CustomIOSAlertView.m */ = {isa = PBXFileReference; fileEncoding = 4; lastKnownFileType = sourcecode.c.objc; path = CustomIOSAlertView.m; sourceTree = "<group>"; };
		CBD81024236C9F8000800F55 /* WGInputAlertView.xib */ = {isa = PBXFileReference; fileEncoding = 4; lastKnownFileType = file.xib; path = WGInputAlertView.xib; sourceTree = "<group>"; };
		CBD81025236C9F8000800F55 /* WGInputAlertView.h */ = {isa = PBXFileReference; fileEncoding = 4; lastKnownFileType = sourcecode.c.h; path = WGInputAlertView.h; sourceTree = "<group>"; };
		CBD81026236C9F8000800F55 /* WGInputAlertView.m */ = {isa = PBXFileReference; fileEncoding = 4; lastKnownFileType = sourcecode.c.objc; path = WGInputAlertView.m; sourceTree = "<group>"; };
		CBD8102D236CA79900800F55 /* WGUploadFileModel.m */ = {isa = PBXFileReference; fileEncoding = 4; lastKnownFileType = sourcecode.c.objc; path = WGUploadFileModel.m; sourceTree = "<group>"; };
		CBD8102E236CA79900800F55 /* WGUploadFileModel.h */ = {isa = PBXFileReference; fileEncoding = 4; lastKnownFileType = sourcecode.c.h; path = WGUploadFileModel.h; sourceTree = "<group>"; };
		CBD81030236CA7B000800F55 /* WGUploadFileTool.h */ = {isa = PBXFileReference; lastKnownFileType = sourcecode.c.h; path = WGUploadFileTool.h; sourceTree = "<group>"; };
		CBD81031236CA7B000800F55 /* WGUploadFileTool.m */ = {isa = PBXFileReference; lastKnownFileType = sourcecode.c.objc; path = WGUploadFileTool.m; sourceTree = "<group>"; };
		CBEFE44F236D23C0008FFC20 /* ResultViewController.h */ = {isa = PBXFileReference; lastKnownFileType = sourcecode.c.h; path = ResultViewController.h; sourceTree = "<group>"; };
		CBEFE450236D23C0008FFC20 /* ResultViewController.m */ = {isa = PBXFileReference; lastKnownFileType = sourcecode.c.objc; path = ResultViewController.m; sourceTree = "<group>"; };
/* End PBXFileReference section */

/* Begin PBXFrameworksBuildPhase section */
		CB4C70D1205FAFE40046A62A /* Frameworks */ = {
			isa = PBXFrameworksBuildPhase;
			buildActionMask = 2147483647;
			files = (
				07CEB731A6B00DDA086D7C73 /* libPods-WGRichTextEditor.a in Frameworks */,
			);
			runOnlyForDeploymentPostprocessing = 0;
		};
		CB4C70E9205FAFE40046A62A /* Frameworks */ = {
			isa = PBXFrameworksBuildPhase;
			buildActionMask = 2147483647;
			files = (
			);
			runOnlyForDeploymentPostprocessing = 0;
		};
		CB4C70F4205FAFE40046A62A /* Frameworks */ = {
			isa = PBXFrameworksBuildPhase;
			buildActionMask = 2147483647;
			files = (
			);
			runOnlyForDeploymentPostprocessing = 0;
		};
/* End PBXFrameworksBuildPhase section */

/* Begin PBXGroup section */
		1E236D8B9E06BB38F21F1B25 /* Pods */ = {
			isa = PBXGroup;
			children = (
				8417D91077E495589D94C55D /* Pods-WGRichTextEditor.debug.xcconfig */,
				BF8BA5D6235F414A86499EAA /* Pods-WGRichTextEditor.release.xcconfig */,
			);
			path = Pods;
			sourceTree = "<group>";
		};
		B44E27FFBF23050454F50229 /* Frameworks */ = {
			isa = PBXGroup;
			children = (
				77B82BA94CA375F0812C830B /* libPods-WGRichTextEditor.a */,
				648DB365964EDE718CBFD173 /* libPods-WGRichTextEditorTests.a */,
				C661BE64C5E551A463C512BB /* libPods-WGRichTextEditorUITests.a */,
			);
			name = Frameworks;
			sourceTree = "<group>";
		};
		CB4C70CB205FAFE40046A62A = {
			isa = PBXGroup;
			children = (
				CB4C70D6205FAFE40046A62A /* WGRichTextEditor */,
				CB4C70EF205FAFE40046A62A /* WGRichTextEditorTests */,
				CB4C70FA205FAFE40046A62A /* WGRichTextEditorUITests */,
				CB4C70D5205FAFE40046A62A /* Products */,
				1E236D8B9E06BB38F21F1B25 /* Pods */,
				B44E27FFBF23050454F50229 /* Frameworks */,
			);
			sourceTree = "<group>";
		};
		CB4C70D5205FAFE40046A62A /* Products */ = {
			isa = PBXGroup;
			children = (
				CB4C70D4205FAFE40046A62A /* WGRichTextEditor.app */,
				CB4C70EC205FAFE40046A62A /* WGRichTextEditorTests.xctest */,
				CB4C70F7205FAFE40046A62A /* WGRichTextEditorUITests.xctest */,
			);
			name = Products;
			sourceTree = "<group>";
		};
		CB4C70D6205FAFE40046A62A /* WGRichTextEditor */ = {
			isa = PBXGroup;
			children = (
				CBD80FF1236C089600800F55 /* BaseRichEditor(基类） */,
				CBD80FF7236C0E3400800F55 /* AudioRichEditor(可传音频) */,
				CBD80FF8236C0E3400800F55 /* VideoRichEditor(可传视频) */,
				CBD80FF6236C0E3400800F55 /* AVRichEditor(可传视音频) */,
				CB4C70D7205FAFE40046A62A /* AppDelegate.h */,
				CB4C70D8205FAFE40046A62A /* AppDelegate.m */,
				CB4C70DA205FAFE40046A62A /* ViewController.h */,
				CB4C70DB205FAFE40046A62A /* ViewController.m */,
				CB4C70DD205FAFE40046A62A /* Main.storyboard */,
				CB4C70E0205FAFE40046A62A /* Assets.xcassets */,
				CB4C70E2205FAFE40046A62A /* LaunchScreen.storyboard */,
				CB4C70E5205FAFE40046A62A /* Info.plist */,
				CB4C70E6205FAFE40046A62A /* main.m */,
				CBA2B9882326532F009E7C9E /* PrefixHeader.pch */,
				CBEFE44F236D23C0008FFC20 /* ResultViewController.h */,
				CBEFE450236D23C0008FFC20 /* ResultViewController.m */,
			);
			path = WGRichTextEditor;
			sourceTree = "<group>";
		};
		CB4C70EF205FAFE40046A62A /* WGRichTextEditorTests */ = {
			isa = PBXGroup;
			children = (
				CB4C70F0205FAFE40046A62A /* WGRichTextEditorTests.m */,
				CB4C70F2205FAFE40046A62A /* Info.plist */,
			);
			path = WGRichTextEditorTests;
			sourceTree = "<group>";
		};
		CB4C70FA205FAFE40046A62A /* WGRichTextEditorUITests */ = {
			isa = PBXGroup;
			children = (
				CB4C70FB205FAFE40046A62A /* WGRichTextEditorUITests.m */,
				CB4C70FD205FAFE40046A62A /* Info.plist */,
			);
			path = WGRichTextEditorUITests;
			sourceTree = "<group>";
		};
		CBD80FF1236C089600800F55 /* BaseRichEditor(基类） */ = {
			isa = PBXGroup;
			children = (
				CBD8102C236CA78300800F55 /* UploadFileModel */,
				CBD81008236C200100800F55 /* RichEditorSouce */,
				CBD8101E236C330400800F55 /* UIView+Utility.h */,
				CBD8101F236C330500800F55 /* UIView+Utility.m */,
				CBD81019236C2E6100800F55 /* UIControl+WGButtonExtension.h */,
				CBD81018236C2E6100800F55 /* UIControl+WGButtonExtension.m */,
				CBD81021236C9DBB00800F55 /* CustomIOSAlertView.h */,
				CBD81022236C9DBB00800F55 /* CustomIOSAlertView.m */,
				CBD81025236C9F8000800F55 /* WGInputAlertView.h */,
				CBD81026236C9F8000800F55 /* WGInputAlertView.m */,
				CBD81024236C9F8000800F55 /* WGInputAlertView.xib */,
				CBD81015236C2DFC00800F55 /* WGFontStyleBar.h */,
				CBD81016236C2DFC00800F55 /* WGFontStyleBar.m */,
				CBD80FF4236C0C4700800F55 /* WGEditorToolBar.h */,
				CBD80FF3236C0C4700800F55 /* WGEditorToolBar.m */,
				CBD80FF2236C0BA700800F55 /* RichEditor.h */,
				CBD80FF9236C116E00800F55 /* WGBaseRichEditorViewController.h */,
				CBD80FFA236C116E00800F55 /* WGBaseRichEditorViewController.m */,
				CBD81005236C1F3100800F55 /* WKWebView+WGWKWebViewExtension.h */,
				CBD81006236C1F3100800F55 /* WKWebView+WGWKWebViewExtension.m */,
			);
			path = "BaseRichEditor(基类）";
			sourceTree = "<group>";
		};
		CBD80FF6236C0E3400800F55 /* AVRichEditor(可传视音频) */ = {
			isa = PBXGroup;
			children = (
				CBD81002236C12A800800F55 /* WGAVRichEditorViewController.h */,
				CBD81003236C12A800800F55 /* WGAVRichEditorViewController.m */,
			);
			path = "AVRichEditor(可传视音频)";
			sourceTree = "<group>";
		};
		CBD80FF7236C0E3400800F55 /* AudioRichEditor(可传音频) */ = {
			isa = PBXGroup;
			children = (
				CBD80FFC236C120700800F55 /* WGAudioRichEditorViewController.h */,
				CBD80FFD236C120800800F55 /* WGAudioRichEditorViewController.m */,
			);
			path = "AudioRichEditor(可传音频)";
			sourceTree = "<group>";
		};
		CBD80FF8236C0E3400800F55 /* VideoRichEditor(可传视频) */ = {
			isa = PBXGroup;
			children = (
				CBD80FFF236C126300800F55 /* WGVideoRichEditorViewController.h */,
				CBD81000236C126300800F55 /* WGVideoRichEditorViewController.m */,
			);
			path = "VideoRichEditor(可传视频)";
			sourceTree = "<group>";
		};
		CBD81008236C200100800F55 /* RichEditorSouce */ = {
			isa = PBXGroup;
			children = (
				CB338427236D15CF0052DACB /* icon_refresh.png */,
				CBD81013236C24A900800F55 /* article_editor.js */,
				CBD81011236C249B00800F55 /* jquery.js */,
				CBD8100F236C245800800F55 /* style.css */,
				CBD8100D236C244A00800F55 /* normalize.css */,
				CBD8100B236C20E600800F55 /* RichEditor.html */,
			);
			path = RichEditorSouce;
			sourceTree = "<group>";
		};
		CBD8102C236CA78300800F55 /* UploadFileModel */ = {
			isa = PBXGroup;
			children = (
				CBD8102E236CA79900800F55 /* WGUploadFileModel.h */,
				CBD8102D236CA79900800F55 /* WGUploadFileModel.m */,
				CBD81030236CA7B000800F55 /* WGUploadFileTool.h */,
				CBD81031236CA7B000800F55 /* WGUploadFileTool.m */,
			);
			path = UploadFileModel;
			sourceTree = "<group>";
		};
/* End PBXGroup section */

/* Begin PBXNativeTarget section */
		CB4C70D3205FAFE40046A62A /* WGRichTextEditor */ = {
			isa = PBXNativeTarget;
			buildConfigurationList = CB4C7100205FAFE40046A62A /* Build configuration list for PBXNativeTarget "WGRichTextEditor" */;
			buildPhases = (
				B70442F68D8A3558B84B0668 /* [CP] Check Pods Manifest.lock */,
				CB4C70D0205FAFE40046A62A /* Sources */,
				CB4C70D1205FAFE40046A62A /* Frameworks */,
				CB4C70D2205FAFE40046A62A /* Resources */,
				46E505FAFDA35FE164142585 /* [CP] Copy Pods Resources */,
			);
			buildRules = (
			);
			dependencies = (
			);
			name = WGRichTextEditor;
			productName = WGRichTextEditor;
			productReference = CB4C70D4205FAFE40046A62A /* WGRichTextEditor.app */;
			productType = "com.apple.product-type.application";
		};
		CB4C70EB205FAFE40046A62A /* WGRichTextEditorTests */ = {
			isa = PBXNativeTarget;
			buildConfigurationList = CB4C7103205FAFE40046A62A /* Build configuration list for PBXNativeTarget "WGRichTextEditorTests" */;
			buildPhases = (
				CB4C70E8205FAFE40046A62A /* Sources */,
				CB4C70E9205FAFE40046A62A /* Frameworks */,
				CB4C70EA205FAFE40046A62A /* Resources */,
			);
			buildRules = (
			);
			dependencies = (
				CB4C70EE205FAFE40046A62A /* PBXTargetDependency */,
			);
			name = WGRichTextEditorTests;
			productName = WGRichTextEditorTests;
			productReference = CB4C70EC205FAFE40046A62A /* WGRichTextEditorTests.xctest */;
			productType = "com.apple.product-type.bundle.unit-test";
		};
		CB4C70F6205FAFE40046A62A /* WGRichTextEditorUITests */ = {
			isa = PBXNativeTarget;
			buildConfigurationList = CB4C7106205FAFE40046A62A /* Build configuration list for PBXNativeTarget "WGRichTextEditorUITests" */;
			buildPhases = (
				CB4C70F3205FAFE40046A62A /* Sources */,
				CB4C70F4205FAFE40046A62A /* Frameworks */,
				CB4C70F5205FAFE40046A62A /* Resources */,
			);
			buildRules = (
			);
			dependencies = (
				CB4C70F9205FAFE40046A62A /* PBXTargetDependency */,
			);
			name = WGRichTextEditorUITests;
			productName = WGRichTextEditorUITests;
			productReference = CB4C70F7205FAFE40046A62A /* WGRichTextEditorUITests.xctest */;
			productType = "com.apple.product-type.bundle.ui-testing";
		};
/* End PBXNativeTarget section */

/* Begin PBXProject section */
		CB4C70CC205FAFE40046A62A /* Project object */ = {
			isa = PBXProject;
			attributes = {
				LastUpgradeCheck = 0920;
				ORGANIZATIONNAME = wenguang;
				TargetAttributes = {
					CB4C70D3205FAFE40046A62A = {
						CreatedOnToolsVersion = 9.2;
						ProvisioningStyle = Manual;
					};
					CB4C70EB205FAFE40046A62A = {
						CreatedOnToolsVersion = 9.2;
						ProvisioningStyle = Automatic;
						TestTargetID = CB4C70D3205FAFE40046A62A;
					};
					CB4C70F6205FAFE40046A62A = {
						CreatedOnToolsVersion = 9.2;
						ProvisioningStyle = Automatic;
						TestTargetID = CB4C70D3205FAFE40046A62A;
					};
				};
			};
			buildConfigurationList = CB4C70CF205FAFE40046A62A /* Build configuration list for PBXProject "WGRichTextEditor" */;
			compatibilityVersion = "Xcode 8.0";
			developmentRegion = en;
			hasScannedForEncodings = 0;
			knownRegions = (
				en,
				Base,
			);
			mainGroup = CB4C70CB205FAFE40046A62A;
			productRefGroup = CB4C70D5205FAFE40046A62A /* Products */;
			projectDirPath = "";
			projectRoot = "";
			targets = (
				CB4C70D3205FAFE40046A62A /* WGRichTextEditor */,
				CB4C70EB205FAFE40046A62A /* WGRichTextEditorTests */,
				CB4C70F6205FAFE40046A62A /* WGRichTextEditorUITests */,
			);
		};
/* End PBXProject section */

/* Begin PBXResourcesBuildPhase section */
		CB4C70D2205FAFE40046A62A /* Resources */ = {
			isa = PBXResourcesBuildPhase;
			buildActionMask = 2147483647;
			files = (
				CBD8100C236C20E600800F55 /* RichEditor.html in Resources */,
				CBD81010236C245800800F55 /* style.css in Resources */,
				CB4C70E4205FAFE40046A62A /* LaunchScreen.storyboard in Resources */,
				CBD81012236C249C00800F55 /* jquery.js in Resources */,
				CBD8100E236C244A00800F55 /* normalize.css in Resources */,
				CB4C70E1205FAFE40046A62A /* Assets.xcassets in Resources */,
				CBD81014236C24A900800F55 /* article_editor.js in Resources */,
				CB338428236D15CF0052DACB /* icon_refresh.png in Resources */,
				CBD81027236C9F8000800F55 /* WGInputAlertView.xib in Resources */,
				CB4C70DF205FAFE40046A62A /* Main.storyboard in Resources */,
			);
			runOnlyForDeploymentPostprocessing = 0;
		};
		CB4C70EA205FAFE40046A62A /* Resources */ = {
			isa = PBXResourcesBuildPhase;
			buildActionMask = 2147483647;
			files = (
			);
			runOnlyForDeploymentPostprocessing = 0;
		};
		CB4C70F5205FAFE40046A62A /* Resources */ = {
			isa = PBXResourcesBuildPhase;
			buildActionMask = 2147483647;
			files = (
			);
			runOnlyForDeploymentPostprocessing = 0;
		};
/* End PBXResourcesBuildPhase section */

/* Begin PBXShellScriptBuildPhase section */
		46E505FAFDA35FE164142585 /* [CP] Copy Pods Resources */ = {
			isa = PBXShellScriptBuildPhase;
			buildActionMask = 2147483647;
			files = (
			);
			inputFileListPaths = (
			);
			inputPaths = (
				"${PODS_ROOT}/Target Support Files/Pods-WGRichTextEditor/Pods-WGRichTextEditor-resources.sh",
				"${PODS_ROOT}/SVProgressHUD/SVProgressHUD/SVProgressHUD.bundle",
				"${PODS_ROOT}/TZImagePickerController/TZImagePickerController/TZImagePickerController/TZImagePickerController.bundle",
			);
			name = "[CP] Copy Pods Resources";
			outputFileListPaths = (
			);
			outputPaths = (
				"${TARGET_BUILD_DIR}/${UNLOCALIZED_RESOURCES_FOLDER_PATH}/SVProgressHUD.bundle",
				"${TARGET_BUILD_DIR}/${UNLOCALIZED_RESOURCES_FOLDER_PATH}/TZImagePickerController.bundle",
			);
			runOnlyForDeploymentPostprocessing = 0;
			shellPath = /bin/sh;
			shellScript = "\"${PODS_ROOT}/Target Support Files/Pods-WGRichTextEditor/Pods-WGRichTextEditor-resources.sh\"\n";
			showEnvVarsInLog = 0;
		};
		B70442F68D8A3558B84B0668 /* [CP] Check Pods Manifest.lock */ = {
			isa = PBXShellScriptBuildPhase;
			buildActionMask = 2147483647;
			files = (
			);
			inputFileListPaths = (
			);
			inputPaths = (
				"${PODS_PODFILE_DIR_PATH}/Podfile.lock",
				"${PODS_ROOT}/Manifest.lock",
			);
			name = "[CP] Check Pods Manifest.lock";
			outputFileListPaths = (
			);
			outputPaths = (
				"$(DERIVED_FILE_DIR)/Pods-WGRichTextEditor-checkManifestLockResult.txt",
			);
			runOnlyForDeploymentPostprocessing = 0;
			shellPath = /bin/sh;
			shellScript = "diff \"${PODS_PODFILE_DIR_PATH}/Podfile.lock\" \"${PODS_ROOT}/Manifest.lock\" > /dev/null\nif [ $? != 0 ] ; then\n    # print error to STDERR\n    echo \"error: The sandbox is not in sync with the Podfile.lock. Run 'pod install' or update your CocoaPods installation.\" >&2\n    exit 1\nfi\n# This output is used by Xcode 'outputs' to avoid re-running this script phase.\necho \"SUCCESS\" > \"${SCRIPT_OUTPUT_FILE_0}\"\n";
			showEnvVarsInLog = 0;
		};
/* End PBXShellScriptBuildPhase section */

/* Begin PBXSourcesBuildPhase section */
		CB4C70D0205FAFE40046A62A /* Sources */ = {
			isa = PBXSourcesBuildPhase;
			buildActionMask = 2147483647;
			files = (
				CBD81001236C126300800F55 /* WGVideoRichEditorViewController.m in Sources */,
				CB4C70DC205FAFE40046A62A /* ViewController.m in Sources */,
				CBD8102F236CA79900800F55 /* WGUploadFileModel.m in Sources */,
				CBD81028236C9F8000800F55 /* WGInputAlertView.m in Sources */,
				CBD81004236C12A800800F55 /* WGAVRichEditorViewController.m in Sources */,
				CBD80FFB236C116E00800F55 /* WGBaseRichEditorViewController.m in Sources */,
				CBD81007236C1F3100800F55 /* WKWebView+WGWKWebViewExtension.m in Sources */,
				CB4C70E7205FAFE40046A62A /* main.m in Sources */,
				CBD80FF5236C0C4700800F55 /* WGEditorToolBar.m in Sources */,
				CBD81020236C330500800F55 /* UIView+Utility.m in Sources */,
				CBD80FFE236C120800800F55 /* WGAudioRichEditorViewController.m in Sources */,
				CBD81023236C9DBB00800F55 /* CustomIOSAlertView.m in Sources */,
				CBD81017236C2DFC00800F55 /* WGFontStyleBar.m in Sources */,
				CBD8101A236C2E6200800F55 /* UIControl+WGButtonExtension.m in Sources */,
				CBEFE451236D23C0008FFC20 /* ResultViewController.m in Sources */,
				CBD81032236CA7B000800F55 /* WGUploadFileTool.m in Sources */,
				CB4C70D9205FAFE40046A62A /* AppDelegate.m in Sources */,
			);
			runOnlyForDeploymentPostprocessing = 0;
		};
		CB4C70E8205FAFE40046A62A /* Sources */ = {
			isa = PBXSourcesBuildPhase;
			buildActionMask = 2147483647;
			files = (
				CBE192B22080BAA100215299 /* main.m in Sources */,
				CB4C70F1205FAFE40046A62A /* WGRichTextEditorTests.m in Sources */,
			);
			runOnlyForDeploymentPostprocessing = 0;
		};
		CB4C70F3205FAFE40046A62A /* Sources */ = {
			isa = PBXSourcesBuildPhase;
			buildActionMask = 2147483647;
			files = (
				CB4C70FC205FAFE40046A62A /* WGRichTextEditorUITests.m in Sources */,
			);
			runOnlyForDeploymentPostprocessing = 0;
		};
/* End PBXSourcesBuildPhase section */

/* Begin PBXTargetDependency section */
		CB4C70EE205FAFE40046A62A /* PBXTargetDependency */ = {
			isa = PBXTargetDependency;
			target = CB4C70D3205FAFE40046A62A /* WGRichTextEditor */;
			targetProxy = CB4C70ED205FAFE40046A62A /* PBXContainerItemProxy */;
		};
		CB4C70F9205FAFE40046A62A /* PBXTargetDependency */ = {
			isa = PBXTargetDependency;
			target = CB4C70D3205FAFE40046A62A /* WGRichTextEditor */;
			targetProxy = CB4C70F8205FAFE40046A62A /* PBXContainerItemProxy */;
		};
/* End PBXTargetDependency section */

/* Begin PBXVariantGroup section */
		CB4C70DD205FAFE40046A62A /* Main.storyboard */ = {
			isa = PBXVariantGroup;
			children = (
				CB4C70DE205FAFE40046A62A /* Base */,
			);
			name = Main.storyboard;
			sourceTree = "<group>";
		};
		CB4C70E2205FAFE40046A62A /* LaunchScreen.storyboard */ = {
			isa = PBXVariantGroup;
			children = (
				CB4C70E3205FAFE40046A62A /* Base */,
			);
			name = LaunchScreen.storyboard;
			sourceTree = "<group>";
		};
/* End PBXVariantGroup section */

/* Begin XCBuildConfiguration section */
		CB4C70FE205FAFE40046A62A /* Debug */ = {
			isa = XCBuildConfiguration;
			buildSettings = {
				ALWAYS_SEARCH_USER_PATHS = NO;
				CLANG_ANALYZER_NONNULL = YES;
				CLANG_ANALYZER_NUMBER_OBJECT_CONVERSION = YES_AGGRESSIVE;
				CLANG_CXX_LANGUAGE_STANDARD = "gnu++14";
				CLANG_CXX_LIBRARY = "libc++";
				CLANG_ENABLE_MODULES = YES;
				CLANG_ENABLE_OBJC_ARC = YES;
				CLANG_WARN_BLOCK_CAPTURE_AUTORELEASING = YES;
				CLANG_WARN_BOOL_CONVERSION = YES;
				CLANG_WARN_COMMA = YES;
				CLANG_WARN_CONSTANT_CONVERSION = YES;
				CLANG_WARN_DIRECT_OBJC_ISA_USAGE = YES_ERROR;
				CLANG_WARN_DOCUMENTATION_COMMENTS = YES;
				CLANG_WARN_EMPTY_BODY = YES;
				CLANG_WARN_ENUM_CONVERSION = YES;
				CLANG_WARN_INFINITE_RECURSION = YES;
				CLANG_WARN_INT_CONVERSION = YES;
				CLANG_WARN_NON_LITERAL_NULL_CONVERSION = YES;
				CLANG_WARN_OBJC_LITERAL_CONVERSION = YES;
				CLANG_WARN_OBJC_ROOT_CLASS = YES_ERROR;
				CLANG_WARN_RANGE_LOOP_ANALYSIS = YES;
				CLANG_WARN_STRICT_PROTOTYPES = YES;
				CLANG_WARN_SUSPICIOUS_MOVE = YES;
				CLANG_WARN_UNGUARDED_AVAILABILITY = YES_AGGRESSIVE;
				CLANG_WARN_UNREACHABLE_CODE = YES;
				CLANG_WARN__DUPLICATE_METHOD_MATCH = YES;
				CODE_SIGN_IDENTITY = "iPhone Developer";
				COPY_PHASE_STRIP = NO;
				DEBUG_INFORMATION_FORMAT = dwarf;
				ENABLE_STRICT_OBJC_MSGSEND = YES;
				ENABLE_TESTABILITY = YES;
				GCC_C_LANGUAGE_STANDARD = gnu11;
				GCC_DYNAMIC_NO_PIC = NO;
				GCC_NO_COMMON_BLOCKS = YES;
				GCC_OPTIMIZATION_LEVEL = 0;
				GCC_PREPROCESSOR_DEFINITIONS = (
					"DEBUG=1",
					"$(inherited)",
				);
				GCC_WARN_64_TO_32_BIT_CONVERSION = YES;
				GCC_WARN_ABOUT_RETURN_TYPE = YES_ERROR;
				GCC_WARN_UNDECLARED_SELECTOR = YES;
				GCC_WARN_UNINITIALIZED_AUTOS = YES_AGGRESSIVE;
				GCC_WARN_UNUSED_FUNCTION = YES;
				GCC_WARN_UNUSED_VARIABLE = YES;
				IPHONEOS_DEPLOYMENT_TARGET = 11.2;
				MTL_ENABLE_DEBUG_INFO = YES;
				ONLY_ACTIVE_ARCH = YES;
				SDKROOT = iphoneos;
			};
			name = Debug;
		};
		CB4C70FF205FAFE40046A62A /* Release */ = {
			isa = XCBuildConfiguration;
			buildSettings = {
				ALWAYS_SEARCH_USER_PATHS = NO;
				CLANG_ANALYZER_NONNULL = YES;
				CLANG_ANALYZER_NUMBER_OBJECT_CONVERSION = YES_AGGRESSIVE;
				CLANG_CXX_LANGUAGE_STANDARD = "gnu++14";
				CLANG_CXX_LIBRARY = "libc++";
				CLANG_ENABLE_MODULES = YES;
				CLANG_ENABLE_OBJC_ARC = YES;
				CLANG_WARN_BLOCK_CAPTURE_AUTORELEASING = YES;
				CLANG_WARN_BOOL_CONVERSION = YES;
				CLANG_WARN_COMMA = YES;
				CLANG_WARN_CONSTANT_CONVERSION = YES;
				CLANG_WARN_DIRECT_OBJC_ISA_USAGE = YES_ERROR;
				CLANG_WARN_DOCUMENTATION_COMMENTS = YES;
				CLANG_WARN_EMPTY_BODY = YES;
				CLANG_WARN_ENUM_CONVERSION = YES;
				CLANG_WARN_INFINITE_RECURSION = YES;
				CLANG_WARN_INT_CONVERSION = YES;
				CLANG_WARN_NON_LITERAL_NULL_CONVERSION = YES;
				CLANG_WARN_OBJC_LITERAL_CONVERSION = YES;
				CLANG_WARN_OBJC_ROOT_CLASS = YES_ERROR;
				CLANG_WARN_RANGE_LOOP_ANALYSIS = YES;
				CLANG_WARN_STRICT_PROTOTYPES = YES;
				CLANG_WARN_SUSPICIOUS_MOVE = YES;
				CLANG_WARN_UNGUARDED_AVAILABILITY = YES_AGGRESSIVE;
				CLANG_WARN_UNREACHABLE_CODE = YES;
				CLANG_WARN__DUPLICATE_METHOD_MATCH = YES;
				CODE_SIGN_IDENTITY = "iPhone Developer";
				COPY_PHASE_STRIP = NO;
				DEBUG_INFORMATION_FORMAT = "dwarf-with-dsym";
				ENABLE_NS_ASSERTIONS = NO;
				ENABLE_STRICT_OBJC_MSGSEND = YES;
				GCC_C_LANGUAGE_STANDARD = gnu11;
				GCC_NO_COMMON_BLOCKS = YES;
				GCC_WARN_64_TO_32_BIT_CONVERSION = YES;
				GCC_WARN_ABOUT_RETURN_TYPE = YES_ERROR;
				GCC_WARN_UNDECLARED_SELECTOR = YES;
				GCC_WARN_UNINITIALIZED_AUTOS = YES_AGGRESSIVE;
				GCC_WARN_UNUSED_FUNCTION = YES;
				GCC_WARN_UNUSED_VARIABLE = YES;
				IPHONEOS_DEPLOYMENT_TARGET = 11.2;
				MTL_ENABLE_DEBUG_INFO = NO;
				SDKROOT = iphoneos;
				VALIDATE_PRODUCT = YES;
			};
			name = Release;
		};
		CB4C7101205FAFE40046A62A /* Debug */ = {
			isa = XCBuildConfiguration;
			baseConfigurationReference = 8417D91077E495589D94C55D /* Pods-WGRichTextEditor.debug.xcconfig */;
			buildSettings = {
				ASSETCATALOG_COMPILER_APPICON_NAME = AppIcon;
				CODE_SIGN_STYLE = Manual;
				DEVELOPMENT_TEAM = 7F8TS8QAV7;
				GCC_PREFIX_HEADER = "$(SRCROOT)/WGRichTextEditor/PrefixHeader.pch";
				INFOPLIST_FILE = WGRichTextEditor/Info.plist;
				LD_RUNPATH_SEARCH_PATHS = "$(inherited) @executable_path/Frameworks";
				PRODUCT_BUNDLE_IDENTIFIER = com.openwhy.zhiweitianxia;
				PRODUCT_NAME = "$(TARGET_NAME)";
				PROVISIONING_PROFILE_SPECIFIER = openwhy_Developement;
				TARGETED_DEVICE_FAMILY = 1;
			};
			name = Debug;
		};
		CB4C7102205FAFE40046A62A /* Release */ = {
			isa = XCBuildConfiguration;
			baseConfigurationReference = BF8BA5D6235F414A86499EAA /* Pods-WGRichTextEditor.release.xcconfig */;
			buildSettings = {
				ASSETCATALOG_COMPILER_APPICON_NAME = AppIcon;
				CODE_SIGN_STYLE = Manual;
				DEVELOPMENT_TEAM = 7F8TS8QAV7;
				GCC_PREFIX_HEADER = "$(SRCROOT)/WGRichTextEditor/PrefixHeader.pch";
				INFOPLIST_FILE = WGRichTextEditor/Info.plist;
				LD_RUNPATH_SEARCH_PATHS = "$(inherited) @executable_path/Frameworks";
				PRODUCT_BUNDLE_IDENTIFIER = com.openwhy.zhiweitianxia;
				PRODUCT_NAME = "$(TARGET_NAME)";
				PROVISIONING_PROFILE_SPECIFIER = openwhy_Developement;
				TARGETED_DEVICE_FAMILY = 1;
			};
			name = Release;
		};
		CB4C7104205FAFE40046A62A /* Debug */ = {
			isa = XCBuildConfiguration;
			buildSettings = {
				BUNDLE_LOADER = "$(TEST_HOST)";
				CODE_SIGN_STYLE = Automatic;
				INFOPLIST_FILE = WGRichTextEditorTests/Info.plist;
				LD_RUNPATH_SEARCH_PATHS = "$(inherited) @executable_path/Frameworks @loader_path/Frameworks";
				PRODUCT_BUNDLE_IDENTIFIER = com.textEditor.WGRichTextEditorTests;
				PRODUCT_NAME = "$(TARGET_NAME)";
				TARGETED_DEVICE_FAMILY = "1,2";
				TEST_HOST = "$(BUILT_PRODUCTS_DIR)/WGRichTextEditor.app/WGRichTextEditor";
			};
			name = Debug;
		};
		CB4C7105205FAFE40046A62A /* Release */ = {
			isa = XCBuildConfiguration;
			buildSettings = {
				BUNDLE_LOADER = "$(TEST_HOST)";
				CODE_SIGN_STYLE = Automatic;
				INFOPLIST_FILE = WGRichTextEditorTests/Info.plist;
				LD_RUNPATH_SEARCH_PATHS = "$(inherited) @executable_path/Frameworks @loader_path/Frameworks";
				PRODUCT_BUNDLE_IDENTIFIER = com.textEditor.WGRichTextEditorTests;
				PRODUCT_NAME = "$(TARGET_NAME)";
				TARGETED_DEVICE_FAMILY = "1,2";
				TEST_HOST = "$(BUILT_PRODUCTS_DIR)/WGRichTextEditor.app/WGRichTextEditor";
			};
			name = Release;
		};
		CB4C7107205FAFE40046A62A /* Debug */ = {
			isa = XCBuildConfiguration;
			buildSettings = {
				CODE_SIGN_STYLE = Automatic;
				INFOPLIST_FILE = WGRichTextEditorUITests/Info.plist;
				LD_RUNPATH_SEARCH_PATHS = "$(inherited) @executable_path/Frameworks @loader_path/Frameworks";
				PRODUCT_BUNDLE_IDENTIFIER = com.textEditor.WGRichTextEditorUITests;
				PRODUCT_NAME = "$(TARGET_NAME)";
				TARGETED_DEVICE_FAMILY = "1,2";
				TEST_TARGET_NAME = WGRichTextEditor;
			};
			name = Debug;
		};
		CB4C7108205FAFE40046A62A /* Release */ = {
			isa = XCBuildConfiguration;
			buildSettings = {
				CODE_SIGN_STYLE = Automatic;
				INFOPLIST_FILE = WGRichTextEditorUITests/Info.plist;
				LD_RUNPATH_SEARCH_PATHS = "$(inherited) @executable_path/Frameworks @loader_path/Frameworks";
				PRODUCT_BUNDLE_IDENTIFIER = com.textEditor.WGRichTextEditorUITests;
				PRODUCT_NAME = "$(TARGET_NAME)";
				TARGETED_DEVICE_FAMILY = "1,2";
				TEST_TARGET_NAME = WGRichTextEditor;
			};
			name = Release;
		};
/* End XCBuildConfiguration section */

/* Begin XCConfigurationList section */
		CB4C70CF205FAFE40046A62A /* Build configuration list for PBXProject "WGRichTextEditor" */ = {
			isa = XCConfigurationList;
			buildConfigurations = (
				CB4C70FE205FAFE40046A62A /* Debug */,
				CB4C70FF205FAFE40046A62A /* Release */,
			);
			defaultConfigurationIsVisible = 0;
			defaultConfigurationName = Release;
		};
		CB4C7100205FAFE40046A62A /* Build configuration list for PBXNativeTarget "WGRichTextEditor" */ = {
			isa = XCConfigurationList;
			buildConfigurations = (
				CB4C7101205FAFE40046A62A /* Debug */,
				CB4C7102205FAFE40046A62A /* Release */,
			);
			defaultConfigurationIsVisible = 0;
			defaultConfigurationName = Release;
		};
		CB4C7103205FAFE40046A62A /* Build configuration list for PBXNativeTarget "WGRichTextEditorTests" */ = {
			isa = XCConfigurationList;
			buildConfigurations = (
				CB4C7104205FAFE40046A62A /* Debug */,
				CB4C7105205FAFE40046A62A /* Release */,
			);
			defaultConfigurationIsVisible = 0;
			defaultConfigurationName = Release;
		};
		CB4C7106205FAFE40046A62A /* Build configuration list for PBXNativeTarget "WGRichTextEditorUITests" */ = {
			isa = XCConfigurationList;
			buildConfigurations = (
				CB4C7107205FAFE40046A62A /* Debug */,
				CB4C7108205FAFE40046A62A /* Release */,
			);
			defaultConfigurationIsVisible = 0;
			defaultConfigurationName = Release;
		};
/* End XCConfigurationList section */
	};
	rootObject = CB4C70CC205FAFE40046A62A /* Project object */;
}
